
Microsoft Visual Studio Solution File, Format Version 12.00
# Visual Studio Version 16
VisualStudioVersion = 16.0.29911.84
MinimumVisualStudioVersion = 10.0.40219.1
Project("{9A19103F-16F7-4668-BE54-9A1E7A4F7556}") = "lempelziv.app", "lempelziv\lempelziv.app.csproj", "{4BD8EAD7-303D-43BF-977A-2A6A337DAF06}"
EndProject
Project("{9A19103F-16F7-4668-BE54-9A1E7A4F7556}") = "lempelziv.library", "lempelziv.library\lempelziv.library.csproj", "{1189C9DF-BC20-4ADC-BF8A-8EF359865511}"
EndProject
Project("{9A19103F-16F7-4668-BE54-9A1E7A4F7556}") = "lempelziv.tests", "lempelziv.tests\lempelziv.tests.csproj", "{486F1558-531F-4AA2-831B-DE72160CFA08}"
EndProject
Global
	GlobalSection(SolutionConfigurationPlatforms) = preSolution
		Debug|Any CPU = Debug|Any CPU
		Release|Any CPU = Release|Any CPU
	EndGlobalSection
	GlobalSection(ProjectConfigurationPlatforms) = postSolution
		{4BD8EAD7-303D-43BF-977A-2A6A337DAF06}.Debug|Any CPU.ActiveCfg = Debug|Any CPU
		{4BD8EAD7-303D-43BF-977A-2A6A337DAF06}.Debug|Any CPU.Build.0 = Debug|Any CPU
		{4BD8EAD7-303D-43BF-977A-2A6A337DAF06}.Release|Any CPU.ActiveCfg = Release|Any CPU
		{4BD8EAD7-303D-43BF-977A-2A6A337DAF06}.Release|Any CPU.Build.0 = Release|Any CPU
		{1189C9DF-BC20-4ADC-BF8A-8EF359865511}.Debug|Any CPU.ActiveCfg = Debug|Any CPU
		{1189C9DF-BC20-4ADC-BF8A-8EF359865511}.Debug|Any CPU.Build.0 = Debug|Any CPU
		{1189C9DF-BC20-4ADC-BF8A-8EF359865511}.Release|Any CPU.ActiveCfg = Release|Any CPU
		{1189C9DF-BC20-4ADC-BF8A-8EF359865511}.Release|Any CPU.Build.0 = Release|Any CPU
		{486F1558-531F-4AA2-831B-DE72160CFA08}.Debug|Any CPU.ActiveCfg = Debug|Any CPU
		{486F1558-531F-4AA2-831B-DE72160CFA08}.Debug|Any CPU.Build.0 = Debug|Any CPU
		{486F1558-531F-4AA2-831B-DE72160CFA08}.Release|Any CPU.ActiveCfg = Release|Any CPU
		{486F1558-531F-4AA2-831B-DE72160CFA08}.Release|Any CPU.Build.0 = Release|Any CPU
	EndGlobalSection
	GlobalSection(SolutionProperties) = preSolution
		HideSolutionNode = FALSE
	EndGlobalSection
	GlobalSection(ExtensibilityGlobals) = postSolution
		SolutionGuid = {5838D337-95BC-4B19-9AC9-D10071E40DFE}
	EndGlobalSection
EndGlobal
